
Microsoft Visual Studio Solution File, Format Version 12.00
# Visual Studio 15
VisualStudioVersion = 15.0.26124.0
MinimumVisualStudioVersion = 15.0.26124.0
Project("{9A19103F-16F7-4668-BE54-9A1E7A4F7556}") = "SneakerDrop.Domain", "SneakerDrop.Domain\SneakerDrop.Domain.csproj", "{B3CFBB9F-F311-498D-93DD-08917BE02ADD}"
EndProject
Project("{9A19103F-16F7-4668-BE54-9A1E7A4F7556}") = "SneakerDrop.Tests", "SneakerDrop.Tests\SneakerDrop.Tests.csproj", "{433CDE50-1000-4C22-8E16-FA28F35D5AA9}"
EndProject
Project("{9A19103F-16F7-4668-BE54-9A1E7A4F7556}") = "SneakerDrop.Code", "SneakerDrop.Code\SneakerDrop.Code.csproj", "{6E7CAE3F-2F2B-47DD-AF31-386FBE03E221}"
EndProject
Project("{9A19103F-16F7-4668-BE54-9A1E7A4F7556}") = "SneakerDrop.Migrations", "SneakerDrop.Migrations\SneakerDrop.Migrations.csproj", "{CBE3BB12-C928-46D6-B4F7-94D13A32257C}"
EndProject
Project("{9A19103F-16F7-4668-BE54-9A1E7A4F7556}") = "SneakerDrop.Data2", "SneakerDrop.Data2\SneakerDrop.Data2.csproj", "{BAFB64F1-73DB-4A61-B9B4-AD608B2F01BD}"
	ProjectSection(ProjectDependencies) = postProject
		{B3CFBB9F-F311-498D-93DD-08917BE02ADD} = {B3CFBB9F-F311-498D-93DD-08917BE02ADD}
	EndProjectSection
EndProject
Project("{9A19103F-16F7-4668-BE54-9A1E7A4F7556}") = "SneakerDrop.Mvc", "SneakerDrop.Mvc\SneakerDrop.Mvc.csproj", "{B7F6849D-C6A0-4C8E-9D21-A35A392F5DE8}"
EndProject
Global
	GlobalSection(SolutionConfigurationPlatforms) = preSolution
		Debug|Any CPU = Debug|Any CPU
		Debug|x64 = Debug|x64
		Debug|x86 = Debug|x86
		Release|Any CPU = Release|Any CPU
		Release|x64 = Release|x64
		Release|x86 = Release|x86
	EndGlobalSection
	GlobalSection(ProjectConfigurationPlatforms) = postSolution
		{B3CFBB9F-F311-498D-93DD-08917BE02ADD}.Debug|Any CPU.ActiveCfg = Debug|Any CPU
		{B3CFBB9F-F311-498D-93DD-08917BE02ADD}.Debug|Any CPU.Build.0 = Debug|Any CPU
		{B3CFBB9F-F311-498D-93DD-08917BE02ADD}.Debug|x64.ActiveCfg = Debug|Any CPU
		{B3CFBB9F-F311-498D-93DD-08917BE02ADD}.Debug|x64.Build.0 = Debug|Any CPU
		{B3CFBB9F-F311-498D-93DD-08917BE02ADD}.Debug|x86.ActiveCfg = Debug|Any CPU
		{B3CFBB9F-F311-498D-93DD-08917BE02ADD}.Debug|x86.Build.0 = Debug|Any CPU
		{B3CFBB9F-F311-498D-93DD-08917BE02ADD}.Release|Any CPU.ActiveCfg = Release|Any CPU
		{B3CFBB9F-F311-498D-93DD-08917BE02ADD}.Release|Any CPU.Build.0 = Release|Any CPU
		{B3CFBB9F-F311-498D-93DD-08917BE02ADD}.Release|x64.ActiveCfg = Release|Any CPU
		{B3CFBB9F-F311-498D-93DD-08917BE02ADD}.Release|x64.Build.0 = Release|Any CPU
		{B3CFBB9F-F311-498D-93DD-08917BE02ADD}.Release|x86.ActiveCfg = Release|Any CPU
		{B3CFBB9F-F311-498D-93DD-08917BE02ADD}.Release|x86.Build.0 = Release|Any CPU
		{433CDE50-1000-4C22-8E16-FA28F35D5AA9}.Debug|Any CPU.ActiveCfg = Debug|Any CPU
		{433CDE50-1000-4C22-8E16-FA28F35D5AA9}.Debug|Any CPU.Build.0 = Debug|Any CPU
		{433CDE50-1000-4C22-8E16-FA28F35D5AA9}.Debug|x64.ActiveCfg = Debug|Any CPU
		{433CDE50-1000-4C22-8E16-FA28F35D5AA9}.Debug|x64.Build.0 = Debug|Any CPU
		{433CDE50-1000-4C22-8E16-FA28F35D5AA9}.Debug|x86.ActiveCfg = Debug|Any CPU
		{433CDE50-1000-4C22-8E16-FA28F35D5AA9}.Debug|x86.Build.0 = Debug|Any CPU
		{433CDE50-1000-4C22-8E16-FA28F35D5AA9}.Release|Any CPU.ActiveCfg = Release|Any CPU
		{433CDE50-1000-4C22-8E16-FA28F35D5AA9}.Release|Any CPU.Build.0 = Release|Any CPU
		{433CDE50-1000-4C22-8E16-FA28F35D5AA9}.Release|x64.ActiveCfg = Release|Any CPU
		{433CDE50-1000-4C22-8E16-FA28F35D5AA9}.Release|x64.Build.0 = Release|Any CPU
		{433CDE50-1000-4C22-8E16-FA28F35D5AA9}.Release|x86.ActiveCfg = Release|Any CPU
		{433CDE50-1000-4C22-8E16-FA28F35D5AA9}.Release|x86.Build.0 = Release|Any CPU
		{6E7CAE3F-2F2B-47DD-AF31-386FBE03E221}.Debug|Any CPU.ActiveCfg = Debug|Any CPU
		{6E7CAE3F-2F2B-47DD-AF31-386FBE03E221}.Debug|Any CPU.Build.0 = Debug|Any CPU
		{6E7CAE3F-2F2B-47DD-AF31-386FBE03E221}.Debug|x64.ActiveCfg = Debug|Any CPU
		{6E7CAE3F-2F2B-47DD-AF31-386FBE03E221}.Debug|x64.Build.0 = Debug|Any CPU
		{6E7CAE3F-2F2B-47DD-AF31-386FBE03E221}.Debug|x86.ActiveCfg = Debug|Any CPU
		{6E7CAE3F-2F2B-47DD-AF31-386FBE03E221}.Debug|x86.Build.0 = Debug|Any CPU
		{6E7CAE3F-2F2B-47DD-AF31-386FBE03E221}.Release|Any CPU.ActiveCfg = Release|Any CPU
		{6E7CAE3F-2F2B-47DD-AF31-386FBE03E221}.Release|Any CPU.Build.0 = Release|Any CPU
		{6E7CAE3F-2F2B-47DD-AF31-386FBE03E221}.Release|x64.ActiveCfg = Release|Any CPU
		{6E7CAE3F-2F2B-47DD-AF31-386FBE03E221}.Release|x64.Build.0 = Release|Any CPU
		{6E7CAE3F-2F2B-47DD-AF31-386FBE03E221}.Release|x86.ActiveCfg = Release|Any CPU
		{6E7CAE3F-2F2B-47DD-AF31-386FBE03E221}.Release|x86.Build.0 = Release|Any CPU
		{CBE3BB12-C928-46D6-B4F7-94D13A32257C}.Debug|Any CPU.ActiveCfg = Debug|Any CPU
		{CBE3BB12-C928-46D6-B4F7-94D13A32257C}.Debug|Any CPU.Build.0 = Debug|Any CPU
		{CBE3BB12-C928-46D6-B4F7-94D13A32257C}.Debug|x64.ActiveCfg = Debug|Any CPU
		{CBE3BB12-C928-46D6-B4F7-94D13A32257C}.Debug|x64.Build.0 = Debug|Any CPU
		{CBE3BB12-C928-46D6-B4F7-94D13A32257C}.Debug|x86.ActiveCfg = Debug|Any CPU
		{CBE3BB12-C928-46D6-B4F7-94D13A32257C}.Debug|x86.Build.0 = Debug|Any CPU
		{CBE3BB12-C928-46D6-B4F7-94D13A32257C}.Release|Any CPU.ActiveCfg = Release|Any CPU
		{CBE3BB12-C928-46D6-B4F7-94D13A32257C}.Release|Any CPU.Build.0 = Release|Any CPU
		{CBE3BB12-C928-46D6-B4F7-94D13A32257C}.Release|x64.ActiveCfg = Release|Any CPU
		{CBE3BB12-C928-46D6-B4F7-94D13A32257C}.Release|x64.Build.0 = Release|Any CPU
		{CBE3BB12-C928-46D6-B4F7-94D13A32257C}.Release|x86.ActiveCfg = Release|Any CPU
		{CBE3BB12-C928-46D6-B4F7-94D13A32257C}.Release|x86.Build.0 = Release|Any CPU
		{BAFB64F1-73DB-4A61-B9B4-AD608B2F01BD}.Debug|Any CPU.ActiveCfg = Debug|Any CPU
		{BAFB64F1-73DB-4A61-B9B4-AD608B2F01BD}.Debug|Any CPU.Build.0 = Debug|Any CPU
		{BAFB64F1-73DB-4A61-B9B4-AD608B2F01BD}.Debug|x64.ActiveCfg = Debug|Any CPU
		{BAFB64F1-73DB-4A61-B9B4-AD608B2F01BD}.Debug|x64.Build.0 = Debug|Any CPU
		{BAFB64F1-73DB-4A61-B9B4-AD608B2F01BD}.Debug|x86.ActiveCfg = Debug|Any CPU
		{BAFB64F1-73DB-4A61-B9B4-AD608B2F01BD}.Debug|x86.Build.0 = Debug|Any CPU
		{BAFB64F1-73DB-4A61-B9B4-AD608B2F01BD}.Release|Any CPU.ActiveCfg = Release|Any CPU
		{BAFB64F1-73DB-4A61-B9B4-AD608B2F01BD}.Release|Any CPU.Build.0 = Release|Any CPU
		{BAFB64F1-73DB-4A61-B9B4-AD608B2F01BD}.Release|x64.ActiveCfg = Release|Any CPU
		{BAFB64F1-73DB-4A61-B9B4-AD608B2F01BD}.Release|x64.Build.0 = Release|Any CPU
		{BAFB64F1-73DB-4A61-B9B4-AD608B2F01BD}.Release|x86.ActiveCfg = Release|Any CPU
		{BAFB64F1-73DB-4A61-B9B4-AD608B2F01BD}.Release|x86.Build.0 = Release|Any CPU
		{B7F6849D-C6A0-4C8E-9D21-A35A392F5DE8}.Debug|Any CPU.ActiveCfg = Debug|Any CPU
		{B7F6849D-C6A0-4C8E-9D21-A35A392F5DE8}.Debug|Any CPU.Build.0 = Debug|Any CPU
		{B7F6849D-C6A0-4C8E-9D21-A35A392F5DE8}.Debug|x64.ActiveCfg = Debug|Any CPU
		{B7F6849D-C6A0-4C8E-9D21-A35A392F5DE8}.Debug|x64.Build.0 = Debug|Any CPU
		{B7F6849D-C6A0-4C8E-9D21-A35A392F5DE8}.Debug|x86.ActiveCfg = Debug|Any CPU
		{B7F6849D-C6A0-4C8E-9D21-A35A392F5DE8}.Debug|x86.Build.0 = Debug|Any CPU
		{B7F6849D-C6A0-4C8E-9D21-A35A392F5DE8}.Release|Any CPU.ActiveCfg = Release|Any CPU
		{B7F6849D-C6A0-4C8E-9D21-A35A392F5DE8}.Release|Any CPU.Build.0 = Release|Any CPU
		{B7F6849D-C6A0-4C8E-9D21-A35A392F5DE8}.Release|x64.ActiveCfg = Release|Any CPU
		{B7F6849D-C6A0-4C8E-9D21-A35A392F5DE8}.Release|x64.Build.0 = Release|Any CPU
		{B7F6849D-C6A0-4C8E-9D21-A35A392F5DE8}.Release|x86.ActiveCfg = Release|Any CPU
		{B7F6849D-C6A0-4C8E-9D21-A35A392F5DE8}.Release|x86.Build.0 = Release|Any CPU
	EndGlobalSection
	GlobalSection(SolutionProperties) = preSolution
		HideSolutionNode = FALSE
	EndGlobalSection
	GlobalSection(ExtensibilityGlobals) = postSolution
		SolutionGuid = {EFBBC409-2846-4001-BA05-E1462D0672D1}
	EndGlobalSection
EndGlobal
